
Microsoft Visual Studio Solution File, Format Version 11.00
# Visual Studio 2010
Project("{FAE04EC0-301F-11D3-BF4B-00C04F79EFBC}") = "NUnitExtensions", "NUnitExtensions\NUnitExtensions.csproj", "{9D35FB69-C2A1-4F9D-AC07-985CE8B62E9B}"
EndProject
Global
	GlobalSection(SolutionConfigurationPlatforms) = preSolution
		Debug|Any CPU = Debug|Any CPU
		Release|Any CPU = Release|Any CPU
	EndGlobalSection
	GlobalSection(ProjectConfigurationPlatforms) = postSolution
		{9D35FB69-C2A1-4F9D-AC07-985CE8B62E9B}.Debug|Any CPU.ActiveCfg = Debug|Any CPU
		{9D35FB69-C2A1-4F9D-AC07-985CE8B62E9B}.Debug|Any CPU.Build.0 = Debug|Any CPU
		{9D35FB69-C2A1-4F9D-AC07-985CE8B62E9B}.Release|Any CPU.ActiveCfg = Release|Any CPU
		{9D35FB69-C2A1-4F9D-AC07-985CE8B62E9B}.Release|Any CPU.Build.0 = Release|Any CPU
	EndGlobalSection
	GlobalSection(SolutionProperties) = preSolution
		HideSolutionNode = FALSE
	EndGlobalSection
EndGlobal
